{
  "name": "MRS",
  "lockfileVersion": 3,
  "requires": true,
  "packages": {
    "": {
      "dependencies": {
        "@fingerprintjs/fingerprintjs-pro": "^3.8.6"
      }
    },
    "node_modules/@fingerprintjs/fingerprintjs-pro": {
      "version": "3.8.6",
      "resolved": "https://registry.npmjs.org/@fingerprintjs/fingerprintjs-pro/-/fingerprintjs-pro-3.8.6.tgz",
      "integrity": "sha512-PlUGx8HeCtE0cvIcD9r/C61p0xWw7A+9ah10r8tHlmuzjP9EjbpWEa7OSUKCO3QsYBrrKG0pS4W8HhBqzj05rg==",
      "dependencies": {
        "tslib": "^2.4.1"
      }
    },
    "node_modules/tslib": {
      "version": "2.6.2",
      "resolved": "https://registry.npmjs.org/tslib/-/tslib-2.6.2.tgz",
      "integrity": "sha512-AEYxH93jGFPn/a2iVAwW87VuUIkR1FVUKB77NwMF7nBTDkDrrT/Hpt/IrCJ0QXhW27jTBDcf5ZY7w6RiqTMw2Q=="
    }
  }
}
